
Microsoft Visual Studio Solution File, Format Version 12.00
# Visual Studio Version 16
VisualStudioVersion = 16.0.30517.126
MinimumVisualStudioVersion = 10.0.40219.1
Project("{FAE04EC0-301F-11D3-BF4B-00C04F79EFBC}") = "LoginShell.Android", "LoginShell.Android\LoginShell.Android.csproj", "{153C63C9-1978-4A84-819C-E9A8F310933D}"
EndProject
Project("{FAE04EC0-301F-11D3-BF4B-00C04F79EFBC}") = "LoginShell.iOS", "LoginShell.iOS\LoginShell.iOS.csproj", "{90E70B5D-DFF4-4BDF-88C6-ECDE73E45309}"
EndProject
Project("{FAE04EC0-301F-11D3-BF4B-00C04F79EFBC}") = "LoginShell", "LoginShell\LoginShell.csproj", "{9CC07D04-D3E4-4FB5-997C-F68F288255D1}"
EndProject
Global
	GlobalSection(SolutionConfigurationPlatforms) = preSolution
		Debug|Any CPU = Debug|Any CPU
		Debug|iPhone = Debug|iPhone
		Debug|iPhoneSimulator = Debug|iPhoneSimulator
		Release|Any CPU = Release|Any CPU
		Release|iPhone = Release|iPhone
		Release|iPhoneSimulator = Release|iPhoneSimulator
	EndGlobalSection
	GlobalSection(ProjectConfigurationPlatforms) = postSolution
		{153C63C9-1978-4A84-819C-E9A8F310933D}.Debug|Any CPU.ActiveCfg = Debug|Any CPU
		{153C63C9-1978-4A84-819C-E9A8F310933D}.Debug|Any CPU.Build.0 = Debug|Any CPU
		{153C63C9-1978-4A84-819C-E9A8F310933D}.Debug|Any CPU.Deploy.0 = Debug|Any CPU
		{153C63C9-1978-4A84-819C-E9A8F310933D}.Debug|iPhone.ActiveCfg = Debug|Any CPU
		{153C63C9-1978-4A84-819C-E9A8F310933D}.Debug|iPhone.Build.0 = Debug|Any CPU
		{153C63C9-1978-4A84-819C-E9A8F310933D}.Debug|iPhone.Deploy.0 = Debug|Any CPU
		{153C63C9-1978-4A84-819C-E9A8F310933D}.Debug|iPhoneSimulator.ActiveCfg = Debug|Any CPU
		{153C63C9-1978-4A84-819C-E9A8F310933D}.Debug|iPhoneSimulator.Build.0 = Debug|Any CPU
		{153C63C9-1978-4A84-819C-E9A8F310933D}.Debug|iPhoneSimulator.Deploy.0 = Debug|Any CPU
		{153C63C9-1978-4A84-819C-E9A8F310933D}.Release|Any CPU.ActiveCfg = Release|Any CPU
		{153C63C9-1978-4A84-819C-E9A8F310933D}.Release|Any CPU.Build.0 = Release|Any CPU
		{153C63C9-1978-4A84-819C-E9A8F310933D}.Release|Any CPU.Deploy.0 = Release|Any CPU
		{153C63C9-1978-4A84-819C-E9A8F310933D}.Release|iPhone.ActiveCfg = Release|Any CPU
		{153C63C9-1978-4A84-819C-E9A8F310933D}.Release|iPhone.Build.0 = Release|Any CPU
		{153C63C9-1978-4A84-819C-E9A8F310933D}.Release|iPhone.Deploy.0 = Release|Any CPU
		{153C63C9-1978-4A84-819C-E9A8F310933D}.Release|iPhoneSimulator.ActiveCfg = Release|Any CPU
		{153C63C9-1978-4A84-819C-E9A8F310933D}.Release|iPhoneSimulator.Build.0 = Release|Any CPU
		{153C63C9-1978-4A84-819C-E9A8F310933D}.Release|iPhoneSimulator.Deploy.0 = Release|Any CPU
		{90E70B5D-DFF4-4BDF-88C6-ECDE73E45309}.Debug|Any CPU.ActiveCfg = Debug|iPhone
		{90E70B5D-DFF4-4BDF-88C6-ECDE73E45309}.Debug|Any CPU.Build.0 = Debug|iPhone
		{90E70B5D-DFF4-4BDF-88C6-ECDE73E45309}.Debug|Any CPU.Deploy.0 = Debug|iPhone
		{90E70B5D-DFF4-4BDF-88C6-ECDE73E45309}.Debug|iPhone.ActiveCfg = Debug|iPhone
		{90E70B5D-DFF4-4BDF-88C6-ECDE73E45309}.Debug|iPhone.Build.0 = Debug|iPhone
		{90E70B5D-DFF4-4BDF-88C6-ECDE73E45309}.Debug|iPhone.Deploy.0 = Debug|iPhone
		{90E70B5D-DFF4-4BDF-88C6-ECDE73E45309}.Debug|iPhoneSimulator.ActiveCfg = Debug|iPhoneSimulator
		{90E70B5D-DFF4-4BDF-88C6-ECDE73E45309}.Debug|iPhoneSimulator.Build.0 = Debug|iPhoneSimulator
		{90E70B5D-DFF4-4BDF-88C6-ECDE73E45309}.Debug|iPhoneSimulator.Deploy.0 = Debug|iPhoneSimulator
		{90E70B5D-DFF4-4BDF-88C6-ECDE73E45309}.Release|Any CPU.ActiveCfg = Release|iPhoneSimulator
		{90E70B5D-DFF4-4BDF-88C6-ECDE73E45309}.Release|Any CPU.Build.0 = Release|iPhoneSimulator
		{90E70B5D-DFF4-4BDF-88C6-ECDE73E45309}.Release|Any CPU.Deploy.0 = Release|iPhoneSimulator
		{90E70B5D-DFF4-4BDF-88C6-ECDE73E45309}.Release|iPhone.ActiveCfg = Release|iPhone
		{90E70B5D-DFF4-4BDF-88C6-ECDE73E45309}.Release|iPhone.Build.0 = Release|iPhone
		{90E70B5D-DFF4-4BDF-88C6-ECDE73E45309}.Release|iPhone.Deploy.0 = Release|iPhone
		{90E70B5D-DFF4-4BDF-88C6-ECDE73E45309}.Release|iPhoneSimulator.ActiveCfg = Release|iPhoneSimulator
		{90E70B5D-DFF4-4BDF-88C6-ECDE73E45309}.Release|iPhoneSimulator.Build.0 = Release|iPhoneSimulator
		{90E70B5D-DFF4-4BDF-88C6-ECDE73E45309}.Release|iPhoneSimulator.Deploy.0 = Release|iPhoneSimulator
		{9CC07D04-D3E4-4FB5-997C-F68F288255D1}.Debug|Any CPU.ActiveCfg = Debug|Any CPU
		{9CC07D04-D3E4-4FB5-997C-F68F288255D1}.Debug|Any CPU.Build.0 = Debug|Any CPU
		{9CC07D04-D3E4-4FB5-997C-F68F288255D1}.Debug|Any CPU.Deploy.0 = Debug|Any CPU
		{9CC07D04-D3E4-4FB5-997C-F68F288255D1}.Debug|iPhone.ActiveCfg = Debug|Any CPU
		{9CC07D04-D3E4-4FB5-997C-F68F288255D1}.Debug|iPhone.Build.0 = Debug|Any CPU
		{9CC07D04-D3E4-4FB5-997C-F68F288255D1}.Debug|iPhone.Deploy.0 = Debug|Any CPU
		{9CC07D04-D3E4-4FB5-997C-F68F288255D1}.Debug|iPhoneSimulator.ActiveCfg = Debug|Any CPU
		{9CC07D04-D3E4-4FB5-997C-F68F288255D1}.Debug|iPhoneSimulator.Build.0 = Debug|Any CPU
		{9CC07D04-D3E4-4FB5-997C-F68F288255D1}.Debug|iPhoneSimulator.Deploy.0 = Debug|Any CPU
		{9CC07D04-D3E4-4FB5-997C-F68F288255D1}.Release|Any CPU.ActiveCfg = Release|Any CPU
		{9CC07D04-D3E4-4FB5-997C-F68F288255D1}.Release|Any CPU.Build.0 = Release|Any CPU
		{9CC07D04-D3E4-4FB5-997C-F68F288255D1}.Release|Any CPU.Deploy.0 = Release|Any CPU
		{9CC07D04-D3E4-4FB5-997C-F68F288255D1}.Release|iPhone.ActiveCfg = Release|Any CPU
		{9CC07D04-D3E4-4FB5-997C-F68F288255D1}.Release|iPhone.Build.0 = Release|Any CPU
		{9CC07D04-D3E4-4FB5-997C-F68F288255D1}.Release|iPhone.Deploy.0 = Release|Any CPU
		{9CC07D04-D3E4-4FB5-997C-F68F288255D1}.Release|iPhoneSimulator.ActiveCfg = Release|Any CPU
		{9CC07D04-D3E4-4FB5-997C-F68F288255D1}.Release|iPhoneSimulator.Build.0 = Release|Any CPU
		{9CC07D04-D3E4-4FB5-997C-F68F288255D1}.Release|iPhoneSimulator.Deploy.0 = Release|Any CPU
	EndGlobalSection
	GlobalSection(SolutionProperties) = preSolution
		HideSolutionNode = FALSE
	EndGlobalSection
	GlobalSection(ExtensibilityGlobals) = postSolution
		SolutionGuid = {5C208FBC-D114-4C8A-9CA4-ED58CCD6C517}
	EndGlobalSection
EndGlobal
